
Microsoft Visual Studio Solution File, Format Version 12.00
# Visual Studio Version 16
VisualStudioVersion = 16.0.29709.97
MinimumVisualStudioVersion = 10.0.40219.1
Project("{9A19103F-16F7-4668-BE54-9A1E7A4F7556}") = "Ask2Friends.BLL", "Ask2Friends.BLL\Ask2Friends.BLL.csproj", "{BB3572D0-076C-4795-81A3-BBF5398EDADE}"
EndProject
Project("{9A19103F-16F7-4668-BE54-9A1E7A4F7556}") = "Ask2Friends.DAL", "Ask2Friends.DAL\Ask2Friends.DAL.csproj", "{A496BDD2-0BF1-471C-BACE-8AA815307B2C}"
EndProject
Project("{9A19103F-16F7-4668-BE54-9A1E7A4F7556}") = "Ask2Friends.Entities", "Ask2Friends.Entities\Ask2Friends.Entities.csproj", "{14C2CB8F-6C94-416D-B20C-4847402C7D3C}"
EndProject
Project("{9A19103F-16F7-4668-BE54-9A1E7A4F7556}") = "MG.Core", "MG.Core\MG.Core.csproj", "{3410AF5F-A538-41B0-9B55-A911B2105E3A}"
EndProject
Project("{9A19103F-16F7-4668-BE54-9A1E7A4F7556}") = "Ask2Friends.WebAPI", "Ask2Friends.WebAPI\Ask2Friends.WebAPI.csproj", "{ED835BC4-5971-449E-A404-F573744CF1F3}"
EndProject
Project("{FAE04EC0-301F-11D3-BF4B-00C04F79EFBC}") = "Ask2Friends.DTO", "Ask2Friends.DTO\Ask2Friends.DTO.csproj", "{8581C66B-640F-4846-AC22-3959F62E80F8}"
EndProject
Global
	GlobalSection(SolutionConfigurationPlatforms) = preSolution
		Debug|Any CPU = Debug|Any CPU
		Release|Any CPU = Release|Any CPU
	EndGlobalSection
	GlobalSection(ProjectConfigurationPlatforms) = postSolution
		{BB3572D0-076C-4795-81A3-BBF5398EDADE}.Debug|Any CPU.ActiveCfg = Debug|Any CPU
		{BB3572D0-076C-4795-81A3-BBF5398EDADE}.Debug|Any CPU.Build.0 = Debug|Any CPU
		{BB3572D0-076C-4795-81A3-BBF5398EDADE}.Release|Any CPU.ActiveCfg = Release|Any CPU
		{BB3572D0-076C-4795-81A3-BBF5398EDADE}.Release|Any CPU.Build.0 = Release|Any CPU
		{A496BDD2-0BF1-471C-BACE-8AA815307B2C}.Debug|Any CPU.ActiveCfg = Debug|Any CPU
		{A496BDD2-0BF1-471C-BACE-8AA815307B2C}.Debug|Any CPU.Build.0 = Debug|Any CPU
		{A496BDD2-0BF1-471C-BACE-8AA815307B2C}.Release|Any CPU.ActiveCfg = Release|Any CPU
		{A496BDD2-0BF1-471C-BACE-8AA815307B2C}.Release|Any CPU.Build.0 = Release|Any CPU
		{14C2CB8F-6C94-416D-B20C-4847402C7D3C}.Debug|Any CPU.ActiveCfg = Debug|Any CPU
		{14C2CB8F-6C94-416D-B20C-4847402C7D3C}.Debug|Any CPU.Build.0 = Debug|Any CPU
		{14C2CB8F-6C94-416D-B20C-4847402C7D3C}.Release|Any CPU.ActiveCfg = Release|Any CPU
		{14C2CB8F-6C94-416D-B20C-4847402C7D3C}.Release|Any CPU.Build.0 = Release|Any CPU
		{3410AF5F-A538-41B0-9B55-A911B2105E3A}.Debug|Any CPU.ActiveCfg = Debug|Any CPU
		{3410AF5F-A538-41B0-9B55-A911B2105E3A}.Debug|Any CPU.Build.0 = Debug|Any CPU
		{3410AF5F-A538-41B0-9B55-A911B2105E3A}.Release|Any CPU.ActiveCfg = Release|Any CPU
		{3410AF5F-A538-41B0-9B55-A911B2105E3A}.Release|Any CPU.Build.0 = Release|Any CPU
		{ED835BC4-5971-449E-A404-F573744CF1F3}.Debug|Any CPU.ActiveCfg = Debug|Any CPU
		{ED835BC4-5971-449E-A404-F573744CF1F3}.Debug|Any CPU.Build.0 = Debug|Any CPU
		{ED835BC4-5971-449E-A404-F573744CF1F3}.Release|Any CPU.ActiveCfg = Release|Any CPU
		{ED835BC4-5971-449E-A404-F573744CF1F3}.Release|Any CPU.Build.0 = Release|Any CPU
		{8581C66B-640F-4846-AC22-3959F62E80F8}.Debug|Any CPU.ActiveCfg = Debug|Any CPU
		{8581C66B-640F-4846-AC22-3959F62E80F8}.Debug|Any CPU.Build.0 = Debug|Any CPU
		{8581C66B-640F-4846-AC22-3959F62E80F8}.Release|Any CPU.ActiveCfg = Release|Any CPU
		{8581C66B-640F-4846-AC22-3959F62E80F8}.Release|Any CPU.Build.0 = Release|Any CPU
	EndGlobalSection
	GlobalSection(SolutionProperties) = preSolution
		HideSolutionNode = FALSE
	EndGlobalSection
	GlobalSection(ExtensibilityGlobals) = postSolution
		SolutionGuid = {F7D7E981-B1C0-43EF-BD72-CF071292F2CC}
	EndGlobalSection
EndGlobal
